// !$*UTF8*$!
{
	archiveVersion = 1;
	classes = {
	};
	objectVersion = 77;
	objects = {

/* Begin PBXContainerItemProxy section */
		936E21D52F722086000C38AE /* PBXContainerItemProxy */ = {
			isa = PBXContainerItemProxy;
			containerPortal = 936E21BB2F722084000C38AE /* Project object */;
			proxyType = 1;
			remoteGlobalIDString = 936E21C22F722084000C38AE;
			remoteInfo = HI;
		};
		936E21DF2F722086000C38AE /* PBXContainerItemProxy */ = {
			isa = PBXContainerItemProxy;
			containerPortal = 936E21BB2F722084000C38AE /* Project object */;
			proxyType = 1;
			remoteGlobalIDString = 936E21C22F722084000C38AE;
			remoteInfo = HI;
		};
/* End PBXContainerItemProxy section */

/* Begin PBXCopyFilesBuildPhase section */
		936E22302F7222BC000C38AE /* Embed Foundation Extensions */ = {
			isa = PBXCopyFilesBuildPhase;
			buildActionMask = 2147483647;
			dstPath = "";
			dstSubfolderSpec = 13;
			files = (
			);
			name = "Embed Foundation Extensions";
			runOnlyForDeploymentPostprocessing = 0;
		};
/* End PBXCopyFilesBuildPhase section */

/* Begin PBXFileReference section */
		9314EB102F75EE7500DCB81D /* HI.app */ = {isa = PBXFileReference; explicitFileType = wrapper.application; includeInIndex = 0; path = HI.app; sourceTree = BUILT_PRODUCTS_DIR; };
		9314EB112F75EE7500DCB81D /* HITests.xctest */ = {isa = PBXFileReference; explicitFileType = wrapper.cfbundle; includeInIndex = 0; path = HITests.xctest; sourceTree = BUILT_PRODUCTS_DIR; };
		9314EB122F75EE7500DCB81D /* HIUITests.xctest */ = {isa = PBXFileReference; explicitFileType = wrapper.cfbundle; includeInIndex = 0; path = HIUITests.xctest; sourceTree = BUILT_PRODUCTS_DIR; };
		9314EB192F75EF8100DCB81D /* Models.swift */ = {isa = PBXFileReference; lastKnownFileType = sourcecode.swift; path = Models.swift; sourceTree = "<group>"; };
		9314EB1B2F75EF8100DCB81D /* APIService.swift */ = {isa = PBXFileReference; lastKnownFileType = sourcecode.swift; path = APIService.swift; sourceTree = "<group>"; };
		9314EB1C2F75EF8100DCB81D /* CacheManager.swift */ = {isa = PBXFileReference; lastKnownFileType = sourcecode.swift; path = CacheManager.swift; sourceTree = "<group>"; };
		9314EB1D2F75EF8100DCB81D /* FavoritesManager.swift */ = {isa = PBXFileReference; lastKnownFileType = sourcecode.swift; path = FavoritesManager.swift; sourceTree = "<group>"; };
		9314EB1F2F75EF8100DCB81D /* AboutView.swift */ = {isa = PBXFileReference; lastKnownFileType = sourcecode.swift; path = AboutView.swift; sourceTree = "<group>"; };
		9314EB202F75EF8100DCB81D /* CompanyDetailView.swift */ = {isa = PBXFileReference; lastKnownFileType = sourcecode.swift; path = CompanyDetailView.swift; sourceTree = "<group>"; };
		9314EB212F75EF8100DCB81D /* FeaturesView.swift */ = {isa = PBXFileReference; lastKnownFileType = sourcecode.swift; path = FeaturesView.swift; sourceTree = "<group>"; };
		9314EB222F75EF8100DCB81D /* HomeView.swift */ = {isa = PBXFileReference; lastKnownFileType = sourcecode.swift; path = HomeView.swift; sourceTree = "<group>"; };
		9314EB232F75EF8100DCB81D /* Human100View.swift */ = {isa = PBXFileReference; lastKnownFileType = sourcecode.swift; path = Human100View.swift; sourceTree = "<group>"; };
		9314EB242F75EF8100DCB81D /* WatchlistView.swift */ = {isa = PBXFileReference; lastKnownFileType = sourcecode.swift; path = WatchlistView.swift; sourceTree = "<group>"; };
		9314EB262F75EF8100DCB81D /* ContentView.swift */ = {isa = PBXFileReference; lastKnownFileType = sourcecode.swift; path = ContentView.swift; sourceTree = "<group>"; };
		9314EB272F75EF8100DCB81D /* HIApp.swift */ = {isa = PBXFileReference; lastKnownFileType = sourcecode.swift; path = HIApp.swift; sourceTree = "<group>"; };
		9314EB282F75EF8100DCB81D /* Info.plist */ = {isa = PBXFileReference; lastKnownFileType = text.plist.xml; path = Info.plist; sourceTree = "<group>"; };
		9314EB292F75EF8100DCB81D /* Theme.swift */ = {isa = PBXFileReference; lastKnownFileType = sourcecode.swift; path = Theme.swift; sourceTree = "<group>"; };
		9314EB2B2F75EF8100DCB81D /* HITests.swift */ = {isa = PBXFileReference; lastKnownFileType = sourcecode.swift; path = HITests.swift; sourceTree = "<group>"; };
		9314EB2D2F75EF8100DCB81D /* HIUITests.swift */ = {isa = PBXFileReference; lastKnownFileType = sourcecode.swift; path = HIUITests.swift; sourceTree = "<group>"; };
		9314EB2E2F75EF8100DCB81D /* HIUITestsLaunchTests.swift */ = {isa = PBXFileReference; lastKnownFileType = sourcecode.swift; path = HIUITestsLaunchTests.swift; sourceTree = "<group>"; };
		9314EB302F75EF8100DCB81D /* manifest.json */ = {isa = PBXFileReference; lastKnownFileType = text.json; path = manifest.json; sourceTree = "<group>"; };
		9314EB332F75EF8100DCB81D /* HI.xcodeproj */ = {isa = PBXFileReference; lastKnownFileType = "wrapper.pb-project"; path = HI.xcodeproj; sourceTree = "<group>"; };
		9314EB342F75EF8100DCB81D /* SETUP.md */ = {isa = PBXFileReference; lastKnownFileType = net.daringfireball.markdown; path = SETUP.md; sourceTree = "<group>"; };
/* End PBXFileReference section */

/* Begin PBXFileSystemSynchronizedRootGroup section */
		936E21D72F722086000C38AE /* HITests */ = {
			isa = PBXFileSystemSynchronizedRootGroup;
			path = HITests;
			sourceTree = "<group>";
		};
		936E21E12F722086000C38AE /* HIUITests */ = {
			isa = PBXFileSystemSynchronizedRootGroup;
			path = HIUITests;
			sourceTree = "<group>";
		};
/* End PBXFileSystemSynchronizedRootGroup section */

/* Begin PBXFrameworksBuildPhase section */
		936E21C02F722084000C38AE /* Frameworks */ = {
			isa = PBXFrameworksBuildPhase;
			buildActionMask = 2147483647;
			files = (
			);
			runOnlyForDeploymentPostprocessing = 0;
		};
		936E21D12F722086000C38AE /* Frameworks */ = {
			isa = PBXFrameworksBuildPhase;
			buildActionMask = 2147483647;
			files = (
			);
			runOnlyForDeploymentPostprocessing = 0;
		};
		936E21DB2F722086000C38AE /* Frameworks */ = {
			isa = PBXFrameworksBuildPhase;
			buildActionMask = 2147483647;
			files = (
			);
			runOnlyForDeploymentPostprocessing = 0;
		};
/* End PBXFrameworksBuildPhase section */

/* Begin PBXGroup section */
		9314EB1A2F75EF8100DCB81D /* Models */ = {
			isa = PBXGroup;
			children = (
				9314EB192F75EF8100DCB81D /* Models.swift */,
			);
			path = Models;
			sourceTree = "<group>";
		};
		9314EB1E2F75EF8100DCB81D /* Services */ = {
			isa = PBXGroup;
			children = (
				9314EB1B2F75EF8100DCB81D /* APIService.swift */,
				9314EB1C2F75EF8100DCB81D /* CacheManager.swift */,
				9314EB1D2F75EF8100DCB81D /* FavoritesManager.swift */,
			);
			path = Services;
			sourceTree = "<group>";
		};
		9314EB252F75EF8100DCB81D /* Views */ = {
			isa = PBXGroup;
			children = (
				9314EB1F2F75EF8100DCB81D /* AboutView.swift */,
				9314EB202F75EF8100DCB81D /* CompanyDetailView.swift */,
				9314EB212F75EF8100DCB81D /* FeaturesView.swift */,
				9314EB222F75EF8100DCB81D /* HomeView.swift */,
				9314EB232F75EF8100DCB81D /* Human100View.swift */,
				9314EB242F75EF8100DCB81D /* WatchlistView.swift */,
			);
			path = Views;
			sourceTree = "<group>";
		};
		9314EB2A2F75EF8100DCB81D /* HI */ = {
			isa = PBXGroup;
			children = (
				9314EB1A2F75EF8100DCB81D /* Models */,
				9314EB1E2F75EF8100DCB81D /* Services */,
				9314EB252F75EF8100DCB81D /* Views */,
				9314EB262F75EF8100DCB81D /* ContentView.swift */,
				9314EB272F75EF8100DCB81D /* HIApp.swift */,
				9314EB282F75EF8100DCB81D /* Info.plist */,
				9314EB292F75EF8100DCB81D /* Theme.swift */,
			);
			path = HI;
			sourceTree = "<group>";
		};
		9314EB2C2F75EF8100DCB81D /* HITests */ = {
			isa = PBXGroup;
			children = (
				9314EB2B2F75EF8100DCB81D /* HITests.swift */,
			);
			path = HITests;
			sourceTree = "<group>";
		};
		9314EB2F2F75EF8100DCB81D /* HIUITests */ = {
			isa = PBXGroup;
			children = (
				9314EB2D2F75EF8100DCB81D /* HIUITests.swift */,
				9314EB2E2F75EF8100DCB81D /* HIUITestsLaunchTests.swift */,
			);
			path = HIUITests;
			sourceTree = "<group>";
		};
		9314EB312F75EF8100DCB81D /* Resources */ = {
			isa = PBXGroup;
			children = (
				9314EB302F75EF8100DCB81D /* manifest.json */,
			);
			path = Resources;
			sourceTree = "<group>";
		};
		9314EB322F75EF8100DCB81D /* Safari */ = {
			isa = PBXGroup;
			children = (
				9314EB312F75EF8100DCB81D /* Resources */,
			);
			path = Safari;
			sourceTree = "<group>";
		};
		9314EB352F75EF8100DCB81D /* HI */ = {
			isa = PBXGroup;
			children = (
				9314EB2A2F75EF8100DCB81D /* HI */,
				9314EB2C2F75EF8100DCB81D /* HITests */,
				9314EB2F2F75EF8100DCB81D /* HIUITests */,
				9314EB322F75EF8100DCB81D /* Safari */,
				9314EB332F75EF8100DCB81D /* HI.xcodeproj */,
				9314EB342F75EF8100DCB81D /* SETUP.md */,
			);
			name = HI;
			sourceTree = "<group>";
		};
		9314EB362F75EF8100DCB81D /* Products */ = {
			isa = PBXGroup;
			name = Products;
			sourceTree = "<group>";
		};
		936E21BA2F722084000C38AE = {
			isa = PBXGroup;
			children = (
				9314EB352F75EF8100DCB81D /* HI */,
				936E21D72F722086000C38AE /* HITests */,
				936E21E12F722086000C38AE /* HIUITests */,
				9314EB102F75EE7500DCB81D /* HI.app */,
				9314EB112F75EE7500DCB81D /* HITests.xctest */,
				9314EB122F75EE7500DCB81D /* HIUITests.xctest */,
			);
			sourceTree = "<group>";
		};
/* End PBXGroup section */

/* Begin PBXNativeTarget section */
		936E21C22F722084000C38AE /* HI */ = {
			isa = PBXNativeTarget;
			buildConfigurationList = 936E21E72F722086000C38AE /* Build configuration list for PBXNativeTarget "HI" */;
			buildPhases = (
				936E21BF2F722084000C38AE /* Sources */,
				936E21C02F722084000C38AE /* Frameworks */,
				936E21C12F722084000C38AE /* Resources */,
				936E22302F7222BC000C38AE /* Embed Foundation Extensions */,
			);
			buildRules = (
			);
			dependencies = (
			);
			name = HI;
			packageProductDependencies = (
			);
			productName = HI;
			productReference = 9314EB102F75EE7500DCB81D /* HI.app */;
			productType = "com.apple.product-type.application";
		};
		936E21D32F722086000C38AE /* HITests */ = {
			isa = PBXNativeTarget;
			buildConfigurationList = 936E21EC2F722086000C38AE /* Build configuration list for PBXNativeTarget "HITests" */;
			buildPhases = (
				936E21D02F722086000C38AE /* Sources */,
				936E21D12F722086000C38AE /* Frameworks */,
				936E21D22F722086000C38AE /* Resources */,
			);
			buildRules = (
			);
			dependencies = (
				936E21D62F722086000C38AE /* PBXTargetDependency */,
			);
			fileSystemSynchronizedGroups = (
				936E21D72F722086000C38AE /* HITests */,
			);
			name = HITests;
			packageProductDependencies = (
			);
			productName = HITests;
			productReference = 9314EB112F75EE7500DCB81D /* HITests.xctest */;
			productType = "com.apple.product-type.bundle.unit-test";
		};
		936E21DD2F722086000C38AE /* HIUITests */ = {
			isa = PBXNativeTarget;
			buildConfigurationList = 936E21EF2F722086000C38AE /* Build configuration list for PBXNativeTarget "HIUITests" */;
			buildPhases = (
				936E21DA2F722086000C38AE /* Sources */,
				936E21DB2F722086000C38AE /* Frameworks */,
				936E21DC2F722086000C38AE /* Resources */,
			);
			buildRules = (
			);
			dependencies = (
				936E21E02F722086000C38AE /* PBXTargetDependency */,
			);
			fileSystemSynchronizedGroups = (
				936E21E12F722086000C38AE /* HIUITests */,
			);
			name = HIUITests;
			packageProductDependencies = (
			);
			productName = HIUITests;
			productReference = 9314EB122F75EE7500DCB81D /* HIUITests.xctest */;
			productType = "com.apple.product-type.bundle.ui-testing";
		};
/* End PBXNativeTarget section */

/* Begin PBXProject section */
		936E21BB2F722084000C38AE /* Project object */ = {
			isa = PBXProject;
			attributes = {
				BuildIndependentTargetsInParallel = 1;
				LastSwiftUpdateCheck = 2630;
				LastUpgradeCheck = 2630;
				TargetAttributes = {
					936E21C22F722084000C38AE = {
						CreatedOnToolsVersion = 26.3;
					};
					936E21D32F722086000C38AE = {
						CreatedOnToolsVersion = 26.3;
						TestTargetID = 936E21C22F722084000C38AE;
					};
					936E21DD2F722086000C38AE = {
						CreatedOnToolsVersion = 26.3;
						TestTargetID = 936E21C22F722084000C38AE;
					};
				};
			};
			buildConfigurationList = 936E21BE2F722084000C38AE /* Build configuration list for PBXProject "HI" */;
			developmentRegion = en;
			hasScannedForEncodings = 0;
			knownRegions = (
				en,
				Base,
			);
			mainGroup = 936E21BA2F722084000C38AE;
			minimizedProjectReferenceProxies = 1;
			preferredProjectObjectVersion = 77;
			productRefGroup = 936E21BA2F722084000C38AE;
			projectDirPath = "";
			projectReferences = (
				{
					ProductGroup = 9314EB362F75EF8100DCB81D /* Products */;
					ProjectRef = 9314EB332F75EF8100DCB81D /* HI.xcodeproj */;
				},
			);
			projectRoot = "";
			targets = (
				936E21C22F722084000C38AE /* HI */,
				936E21D32F722086000C38AE /* HITests */,
				936E21DD2F722086000C38AE /* HIUITests */,
			);
		};
/* End PBXProject section */

/* Begin PBXResourcesBuildPhase section */
		936E21C12F722084000C38AE /* Resources */ = {
			isa = PBXResourcesBuildPhase;
			buildActionMask = 2147483647;
			files = (
			);
			runOnlyForDeploymentPostprocessing = 0;
		};
		936E21D22F722086000C38AE /* Resources */ = {
			isa = PBXResourcesBuildPhase;
			buildActionMask = 2147483647;
			files = (
			);
			runOnlyForDeploymentPostprocessing = 0;
		};
		936E21DC2F722086000C38AE /* Resources */ = {
			isa = PBXResourcesBuildPhase;
			buildActionMask = 2147483647;
			files = (
			);
			runOnlyForDeploymentPostprocessing = 0;
		};
/* End PBXResourcesBuildPhase section */

/* Begin PBXSourcesBuildPhase section */
		936E21BF2F722084000C38AE /* Sources */ = {
			isa = PBXSourcesBuildPhase;
			buildActionMask = 2147483647;
			files = (
			);
			runOnlyForDeploymentPostprocessing = 0;
		};
		936E21D02F722086000C38AE /* Sources */ = {
			isa = PBXSourcesBuildPhase;
			buildActionMask = 2147483647;
			files = (
			);
			runOnlyForDeploymentPostprocessing = 0;
		};
		936E21DA2F722086000C38AE /* Sources */ = {
			isa = PBXSourcesBuildPhase;
			buildActionMask = 2147483647;
			files = (
			);
			runOnlyForDeploymentPostprocessing = 0;
		};
/* End PBXSourcesBuildPhase section */

/* Begin PBXTargetDependency section */
		936E21D62F722086000C38AE /* PBXTargetDependency */ = {
			isa = PBXTargetDependency;
			target = 936E21C22F722084000C38AE /* HI */;
			targetProxy = 936E21D52F722086000C38AE /* PBXContainerItemProxy */;
		};
		936E21E02F722086000C38AE /* PBXTargetDependency */ = {
			isa = PBXTargetDependency;
			target = 936E21C22F722084000C38AE /* HI */;
			targetProxy = 936E21DF2F722086000C38AE /* PBXContainerItemProxy */;
		};
/* End PBXTargetDependency section */

/* Begin XCBuildConfiguration section */
		936E21E82F722086000C38AE /* Debug */ = {
			isa = XCBuildConfiguration;
			buildSettings = {
				ASSETCATALOG_COMPILER_APPICON_NAME = AppIcon;
				ASSETCATALOG_COMPILER_GLOBAL_ACCENT_COLOR_NAME = AccentColor;
				CODE_SIGN_STYLE = Automatic;
				CURRENT_PROJECT_VERSION = 1;
				DEVELOPMENT_TEAM = P8ANZY74JY;
				ENABLE_APP_SANDBOX = YES;
				ENABLE_HARDENED_RUNTIME = YES;
				ENABLE_PREVIEWS = YES;
				ENABLE_USER_SELECTED_FILES = readonly;
				GENERATE_INFOPLIST_FILE = YES;
				INFOPLIST_FILE = HI/Info.plist;
				"INFOPLIST_KEY_UIApplicationSceneManifest_Generation[sdk=iphoneos*]" = YES;
				"INFOPLIST_KEY_UIApplicationSceneManifest_Generation[sdk=iphonesimulator*]" = YES;
				"INFOPLIST_KEY_UIApplicationSupportsIndirectInputEvents[sdk=iphoneos*]" = YES;
				"INFOPLIST_KEY_UIApplicationSupportsIndirectInputEvents[sdk=iphonesimulator*]" = YES;
				"INFOPLIST_KEY_UILaunchScreen_Generation[sdk=iphoneos*]" = YES;
				"INFOPLIST_KEY_UILaunchScreen_Generation[sdk=iphonesimulator*]" = YES;
				"INFOPLIST_KEY_UIStatusBarStyle[sdk=iphoneos*]" = UIStatusBarStyleDefault;
				"INFOPLIST_KEY_UIStatusBarStyle[sdk=iphonesimulator*]" = UIStatusBarStyleDefault;
				INFOPLIST_KEY_UISupportedInterfaceOrientations_iPad = "UIInterfaceOrientationPortrait UIInterfaceOrientationPortraitUpsideDown UIInterfaceOrientationLandscapeLeft UIInterfaceOrientationLandscapeRight";
				INFOPLIST_KEY_UISupportedInterfaceOrientations_iPhone = "UIInterfaceOrientationPortrait UIInterfaceOrientationLandscapeLeft UIInterfaceOrientationLandscapeRight";
				IPHONEOS_DEPLOYMENT_TARGET = 17.6;
				LD_RUNPATH_SEARCH_PATHS = "@executable_path/Frameworks";
				"LD_RUNPATH_SEARCH_PATHS[sdk=macosx*]" = "@executable_path/../Frameworks";
				MACOSX_DEPLOYMENT_TARGET = 15.7;
				MARKETING_VERSION = 1.0;
				PRODUCT_BUNDLE_IDENTIFIER = com.morfinnovations.HI;
				PRODUCT_NAME = "$(TARGET_NAME)";
				REGISTER_APP_GROUPS = YES;
				SDKROOT = auto;
				STRING_CATALOG_GENERATE_SYMBOLS = YES;
				SUPPORTED_PLATFORMS = "iphoneos iphonesimulator";
				SUPPORTS_MACCATALYST = NO;
				SWIFT_APPROACHABLE_CONCURRENCY = YES;
				SWIFT_DEFAULT_ACTOR_ISOLATION = MainActor;
				SWIFT_EMIT_LOC_STRINGS = YES;
				SWIFT_UPCOMING_FEATURE_MEMBER_IMPORT_VISIBILITY = YES;
				SWIFT_VERSION = 5.0;
				TARGETED_DEVICE_FAMILY = "1,2";
				XROS_DEPLOYMENT_TARGET = 26.2;
			};
			name = Debug;
		};
		936E21E92F722086000C38AE /* Release */ = {
			isa = XCBuildConfiguration;
			buildSettings = {
				ASSETCATALOG_COMPILER_APPICON_NAME = AppIcon;
				ASSETCATALOG_COMPILER_GLOBAL_ACCENT_COLOR_NAME = AccentColor;
				CODE_SIGN_STYLE = Automatic;
				CURRENT_PROJECT_VERSION = 1;
				DEVELOPMENT_TEAM = P8ANZY74JY;
				ENABLE_APP_SANDBOX = YES;
				ENABLE_HARDENED_RUNTIME = YES;
				ENABLE_PREVIEWS = YES;
				ENABLE_USER_SELECTED_FILES = readonly;
				GENERATE_INFOPLIST_FILE = YES;
				INFOPLIST_FILE = HI/Info.plist;
				"INFOPLIST_KEY_UIApplicationSceneManifest_Generation[sdk=iphoneos*]" = YES;
				"INFOPLIST_KEY_UIApplicationSceneManifest_Generation[sdk=iphonesimulator*]" = YES;
				"INFOPLIST_KEY_UIApplicationSupportsIndirectInputEvents[sdk=iphoneos*]" = YES;
				"INFOPLIST_KEY_UIApplicationSupportsIndirectInputEvents[sdk=iphonesimulator*]" = YES;
				"INFOPLIST_KEY_UILaunchScreen_Generation[sdk=iphoneos*]" = YES;
				"INFOPLIST_KEY_UILaunchScreen_Generation[sdk=iphonesimulator*]" = YES;
				"INFOPLIST_KEY_UIStatusBarStyle[sdk=iphoneos*]" = UIStatusBarStyleDefault;
				"INFOPLIST_KEY_UIStatusBarStyle[sdk=iphonesimulator*]" = UIStatusBarStyleDefault;
				INFOPLIST_KEY_UISupportedInterfaceOrientations_iPad = "UIInterfaceOrientationPortrait UIInterfaceOrientationPortraitUpsideDown UIInterfaceOrientationLandscapeLeft UIInterfaceOrientationLandscapeRight";
				INFOPLIST_KEY_UISupportedInterfaceOrientations_iPhone = "UIInterfaceOrientationPortrait UIInterfaceOrientationLandscapeLeft UIInterfaceOrientationLandscapeRight";
				IPHONEOS_DEPLOYMENT_TARGET = 17.6;
				LD_RUNPATH_SEARCH_PATHS = "@executable_path/Frameworks";
				"LD_RUNPATH_SEARCH_PATHS[sdk=macosx*]" = "@executable_path/../Frameworks";
				MACOSX_DEPLOYMENT_TARGET = 15.7;
				MARKETING_VERSION = 1.0;
				PRODUCT_BUNDLE_IDENTIFIER = com.morfinnovations.HI;
				PRODUCT_NAME = "$(TARGET_NAME)";
				REGISTER_APP_GROUPS = YES;
				SDKROOT = auto;
				STRING_CATALOG_GENERATE_SYMBOLS = YES;
				SUPPORTED_PLATFORMS = "iphoneos iphonesimulator";
				SUPPORTS_MACCATALYST = NO;
				SWIFT_APPROACHABLE_CONCURRENCY = YES;
				SWIFT_DEFAULT_ACTOR_ISOLATION = MainActor;
				SWIFT_EMIT_LOC_STRINGS = YES;
				SWIFT_UPCOMING_FEATURE_MEMBER_IMPORT_VISIBILITY = YES;
				SWIFT_VERSION = 5.0;
				TARGETED_DEVICE_FAMILY = "1,2";
				XROS_DEPLOYMENT_TARGET = 26.2;
			};
			name = Release;
		};
		936E21EA2F722086000C38AE /* Debug */ = {
			isa = XCBuildConfiguration;
			buildSettings = {
				ALWAYS_SEARCH_USER_PATHS = NO;
				ASSETCATALOG_COMPILER_GENERATE_SWIFT_ASSET_SYMBOL_EXTENSIONS = YES;
				CLANG_ANALYZER_NONNULL = YES;
				CLANG_ANALYZER_NUMBER_OBJECT_CONVERSION = YES_AGGRESSIVE;
				CLANG_CXX_LANGUAGE_STANDARD = "gnu++20";
				CLANG_ENABLE_MODULES = YES;
				CLANG_ENABLE_OBJC_ARC = YES;
				CLANG_ENABLE_OBJC_WEAK = YES;
				CLANG_WARN_BLOCK_CAPTURE_AUTORELEASING = YES;
				CLANG_WARN_BOOL_CONVERSION = YES;
				CLANG_WARN_COMMA = YES;
				CLANG_WARN_CONSTANT_CONVERSION = YES;
				CLANG_WARN_DEPRECATED_OBJC_IMPLEMENTATIONS = YES;
				CLANG_WARN_DIRECT_OBJC_ISA_USAGE = YES_ERROR;
				CLANG_WARN_DOCUMENTATION_COMMENTS = YES;
				CLANG_WARN_EMPTY_BODY = YES;
				CLANG_WARN_ENUM_CONVERSION = YES;
				CLANG_WARN_INFINITE_RECURSION = YES;
				CLANG_WARN_INT_CONVERSION = YES;
				CLANG_WARN_NON_LITERAL_NULL_CONVERSION = YES;
				CLANG_WARN_OBJC_IMPLICIT_RETAIN_SELF = YES;
				CLANG_WARN_OBJC_LITERAL_CONVERSION = YES;
				CLANG_WARN_OBJC_ROOT_CLASS = YES_ERROR;
				CLANG_WARN_QUOTED_INCLUDE_IN_FRAMEWORK_HEADER = YES;
				CLANG_WARN_RANGE_LOOP_ANALYSIS = YES;
				CLANG_WARN_STRICT_PROTOTYPES = YES;
				CLANG_WARN_SUSPICIOUS_MOVE = YES;
				CLANG_WARN_UNGUARDED_AVAILABILITY = YES_AGGRESSIVE;
				CLANG_WARN_UNREACHABLE_CODE = YES;
				CLANG_WARN__DUPLICATE_METHOD_MATCH = YES;
				COPY_PHASE_STRIP = NO;
				DEBUG_INFORMATION_FORMAT = dwarf;
				DEVELOPMENT_TEAM = P8ANZY74JY;
				ENABLE_STRICT_OBJC_MSGSEND = YES;
				ENABLE_TESTABILITY = YES;
				ENABLE_USER_SCRIPT_SANDBOXING = YES;
				GCC_C_LANGUAGE_STANDARD = gnu17;
				GCC_DYNAMIC_NO_PIC = NO;
				GCC_NO_COMMON_BLOCKS = YES;
				GCC_OPTIMIZATION_LEVEL = 0;
				GCC_PREPROCESSOR_DEFINITIONS = (
					"DEBUG=1",
					"$(inherited)",
				);
				GCC_WARN_64_TO_32_BIT_CONVERSION = YES;
				GCC_WARN_ABOUT_RETURN_TYPE = YES_ERROR;
				GCC_WARN_UNDECLARED_SELECTOR = YES;
				GCC_WARN_UNINITIALIZED_AUTOS = YES_AGGRESSIVE;
				GCC_WARN_UNUSED_FUNCTION = YES;
				GCC_WARN_UNUSED_VARIABLE = YES;
				LOCALIZATION_PREFERS_STRING_CATALOGS = YES;
				MTL_ENABLE_DEBUG_INFO = INCLUDE_SOURCE;
				MTL_FAST_MATH = YES;
				ONLY_ACTIVE_ARCH = YES;
				SWIFT_ACTIVE_COMPILATION_CONDITIONS = "DEBUG $(inherited)";
				SWIFT_OPTIMIZATION_LEVEL = "-Onone";
			};
			name = Debug;
		};
		936E21EB2F722086000C38AE /* Release */ = {
			isa = XCBuildConfiguration;
			buildSettings = {
				ALWAYS_SEARCH_USER_PATHS = NO;
				ASSETCATALOG_COMPILER_GENERATE_SWIFT_ASSET_SYMBOL_EXTENSIONS = YES;
				CLANG_ANALYZER_NONNULL = YES;
				CLANG_ANALYZER_NUMBER_OBJECT_CONVERSION = YES_AGGRESSIVE;
				CLANG_CXX_LANGUAGE_STANDARD = "gnu++20";
				CLANG_ENABLE_MODULES = YES;
				CLANG_ENABLE_OBJC_ARC = YES;
				CLANG_ENABLE_OBJC_WEAK = YES;
				CLANG_WARN_BLOCK_CAPTURE_AUTORELEASING = YES;
				CLANG_WARN_BOOL_CONVERSION = YES;
				CLANG_WARN_COMMA = YES;
				CLANG_WARN_CONSTANT_CONVERSION = YES;
				CLANG_WARN_DEPRECATED_OBJC_IMPLEMENTATIONS = YES;
				CLANG_WARN_DIRECT_OBJC_ISA_USAGE = YES_ERROR;
				CLANG_WARN_DOCUMENTATION_COMMENTS = YES;
				CLANG_WARN_EMPTY_BODY = YES;
				CLANG_WARN_ENUM_CONVERSION = YES;
				CLANG_WARN_INFINITE_RECURSION = YES;
				CLANG_WARN_INT_CONVERSION = YES;
				CLANG_WARN_NON_LITERAL_NULL_CONVERSION = YES;
				CLANG_WARN_OBJC_IMPLICIT_RETAIN_SELF = YES;
				CLANG_WARN_OBJC_LITERAL_CONVERSION = YES;
				CLANG_WARN_OBJC_ROOT_CLASS = YES_ERROR;
				CLANG_WARN_QUOTED_INCLUDE_IN_FRAMEWORK_HEADER = YES;
				CLANG_WARN_RANGE_LOOP_ANALYSIS = YES;
				CLANG_WARN_STRICT_PROTOTYPES = YES;
				CLANG_WARN_SUSPICIOUS_MOVE = YES;
				CLANG_WARN_UNGUARDED_AVAILABILITY = YES_AGGRESSIVE;
				CLANG_WARN_UNREACHABLE_CODE = YES;
				CLANG_WARN__DUPLICATE_METHOD_MATCH = YES;
				COPY_PHASE_STRIP = NO;
				DEBUG_INFORMATION_FORMAT = "dwarf-with-dsym";
				DEVELOPMENT_TEAM = P8ANZY74JY;
				ENABLE_NS_ASSERTIONS = NO;
				ENABLE_STRICT_OBJC_MSGSEND = YES;
				ENABLE_USER_SCRIPT_SANDBOXING = YES;
				GCC_C_LANGUAGE_STANDARD = gnu17;
				GCC_NO_COMMON_BLOCKS = YES;
				GCC_WARN_64_TO_32_BIT_CONVERSION = YES;
				GCC_WARN_ABOUT_RETURN_TYPE = YES_ERROR;
				GCC_WARN_UNDECLARED_SELECTOR = YES;
				GCC_WARN_UNINITIALIZED_AUTOS = YES_AGGRESSIVE;
				GCC_WARN_UNUSED_FUNCTION = YES;
				GCC_WARN_UNUSED_VARIABLE = YES;
				LOCALIZATION_PREFERS_STRING_CATALOGS = YES;
				MTL_ENABLE_DEBUG_INFO = NO;
				MTL_FAST_MATH = YES;
				SWIFT_COMPILATION_MODE = wholemodule;
			};
			name = Release;
		};
		936E21ED2F722086000C38AE /* Debug */ = {
			isa = XCBuildConfiguration;
			buildSettings = {
				BUNDLE_LOADER = "$(TEST_HOST)";
				CODE_SIGN_STYLE = Automatic;
				CURRENT_PROJECT_VERSION = 1;
				DEVELOPMENT_TEAM = P8ANZY74JY;
				GENERATE_INFOPLIST_FILE = YES;
				IPHONEOS_DEPLOYMENT_TARGET = 26.2;
				MACOSX_DEPLOYMENT_TARGET = 15.7;
				MARKETING_VERSION = 1.0;
				PRODUCT_BUNDLE_IDENTIFIER = com.morfinnovations.HITests;
				PRODUCT_NAME = "$(TARGET_NAME)";
				SDKROOT = auto;
				STRING_CATALOG_GENERATE_SYMBOLS = NO;
				SUPPORTED_PLATFORMS = "iphoneos iphonesimulator macosx xros xrsimulator";
				SWIFT_APPROACHABLE_CONCURRENCY = YES;
				SWIFT_EMIT_LOC_STRINGS = NO;
				SWIFT_UPCOMING_FEATURE_MEMBER_IMPORT_VISIBILITY = YES;
				SWIFT_VERSION = 5.0;
				TARGETED_DEVICE_FAMILY = "1,2,7";
				TEST_HOST = "$(BUILT_PRODUCTS_DIR)/HI.app/$(BUNDLE_EXECUTABLE_FOLDER_PATH)/HI";
				XROS_DEPLOYMENT_TARGET = 26.2;
			};
			name = Debug;
		};
		936E21EE2F722086000C38AE /* Release */ = {
			isa = XCBuildConfiguration;
			buildSettings = {
				BUNDLE_LOADER = "$(TEST_HOST)";
				CODE_SIGN_STYLE = Automatic;
				CURRENT_PROJECT_VERSION = 1;
				DEVELOPMENT_TEAM = P8ANZY74JY;
				GENERATE_INFOPLIST_FILE = YES;
				IPHONEOS_DEPLOYMENT_TARGET = 26.2;
				MACOSX_DEPLOYMENT_TARGET = 15.7;
				MARKETING_VERSION = 1.0;
				PRODUCT_BUNDLE_IDENTIFIER = com.morfinnovations.HITests;
				PRODUCT_NAME = "$(TARGET_NAME)";
				SDKROOT = auto;
				STRING_CATALOG_GENERATE_SYMBOLS = NO;
				SUPPORTED_PLATFORMS = "iphoneos iphonesimulator macosx xros xrsimulator";
				SWIFT_APPROACHABLE_CONCURRENCY = YES;
				SWIFT_EMIT_LOC_STRINGS = NO;
				SWIFT_UPCOMING_FEATURE_MEMBER_IMPORT_VISIBILITY = YES;
				SWIFT_VERSION = 5.0;
				TARGETED_DEVICE_FAMILY = "1,2,7";
				TEST_HOST = "$(BUILT_PRODUCTS_DIR)/HI.app/$(BUNDLE_EXECUTABLE_FOLDER_PATH)/HI";
				XROS_DEPLOYMENT_TARGET = 26.2;
			};
			name = Release;
		};
		936E21F02F722086000C38AE /* Debug */ = {
			isa = XCBuildConfiguration;
			buildSettings = {
				CODE_SIGN_STYLE = Automatic;
				CURRENT_PROJECT_VERSION = 1;
				DEVELOPMENT_TEAM = P8ANZY74JY;
				GENERATE_INFOPLIST_FILE = YES;
				IPHONEOS_DEPLOYMENT_TARGET = 26.2;
				MACOSX_DEPLOYMENT_TARGET = 15.7;
				MARKETING_VERSION = 1.0;
				PRODUCT_BUNDLE_IDENTIFIER = com.morfinnovations.HIUITests;
				PRODUCT_NAME = "$(TARGET_NAME)";
				SDKROOT = auto;
				STRING_CATALOG_GENERATE_SYMBOLS = NO;
				SUPPORTED_PLATFORMS = "iphoneos iphonesimulator macosx xros xrsimulator";
				SWIFT_APPROACHABLE_CONCURRENCY = YES;
				SWIFT_EMIT_LOC_STRINGS = NO;
				SWIFT_UPCOMING_FEATURE_MEMBER_IMPORT_VISIBILITY = YES;
				SWIFT_VERSION = 5.0;
				TARGETED_DEVICE_FAMILY = "1,2,7";
				TEST_TARGET_NAME = HI;
				XROS_DEPLOYMENT_TARGET = 26.2;
			};
			name = Debug;
		};
		936E21F12F722086000C38AE /* Release */ = {
			isa = XCBuildConfiguration;
			buildSettings = {
				CODE_SIGN_STYLE = Automatic;
				CURRENT_PROJECT_VERSION = 1;
				DEVELOPMENT_TEAM = P8ANZY74JY;
				GENERATE_INFOPLIST_FILE = YES;
				IPHONEOS_DEPLOYMENT_TARGET = 26.2;
				MACOSX_DEPLOYMENT_TARGET = 15.7;
				MARKETING_VERSION = 1.0;
				PRODUCT_BUNDLE_IDENTIFIER = com.morfinnovations.HIUITests;
				PRODUCT_NAME = "$(TARGET_NAME)";
				SDKROOT = auto;
				STRING_CATALOG_GENERATE_SYMBOLS = NO;
				SUPPORTED_PLATFORMS = "iphoneos iphonesimulator macosx xros xrsimulator";
				SWIFT_APPROACHABLE_CONCURRENCY = YES;
				SWIFT_EMIT_LOC_STRINGS = NO;
				SWIFT_UPCOMING_FEATURE_MEMBER_IMPORT_VISIBILITY = YES;
				SWIFT_VERSION = 5.0;
				TARGETED_DEVICE_FAMILY = "1,2,7";
				TEST_TARGET_NAME = HI;
				XROS_DEPLOYMENT_TARGET = 26.2;
			};
			name = Release;
		};
/* End XCBuildConfiguration section */

/* Begin XCConfigurationList section */
		936E21BE2F722084000C38AE /* Build configuration list for PBXProject "HI" */ = {
			isa = XCConfigurationList;
			buildConfigurations = (
				936E21EA2F722086000C38AE /* Debug */,
				936E21EB2F722086000C38AE /* Release */,
			);
			defaultConfigurationIsVisible = 0;
			defaultConfigurationName = Release;
		};
		936E21E72F722086000C38AE /* Build configuration list for PBXNativeTarget "HI" */ = {
			isa = XCConfigurationList;
			buildConfigurations = (
				936E21E82F722086000C38AE /* Debug */,
				936E21E92F722086000C38AE /* Release */,
			);
			defaultConfigurationIsVisible = 0;
			defaultConfigurationName = Release;
		};
		936E21EC2F722086000C38AE /* Build configuration list for PBXNativeTarget "HITests" */ = {
			isa = XCConfigurationList;
			buildConfigurations = (
				936E21ED2F722086000C38AE /* Debug */,
				936E21EE2F722086000C38AE /* Release */,
			);
			defaultConfigurationIsVisible = 0;
			defaultConfigurationName = Release;
		};
		936E21EF2F722086000C38AE /* Build configuration list for PBXNativeTarget "HIUITests" */ = {
			isa = XCConfigurationList;
			buildConfigurations = (
				936E21F02F722086000C38AE /* Debug */,
				936E21F12F722086000C38AE /* Release */,
			);
			defaultConfigurationIsVisible = 0;
			defaultConfigurationName = Release;
		};
/* End XCConfigurationList section */
	};
	rootObject = 936E21BB2F722084000C38AE /* Project object */;
}
