// !$*UTF8*$!
{
	archiveVersion = 1;
	classes = {
	};
	objectVersion = 77;
	objects = {

/* Begin PBXBuildFile section */
		93233D582F8448740034EDD0 /* WidgetKit.framework in Frameworks */ = {isa = PBXBuildFile; fileRef = 93233D572F8448740034EDD0 /* WidgetKit.framework */; };
		93233D5A2F8448740034EDD0 /* SwiftUI.framework in Frameworks */ = {isa = PBXBuildFile; fileRef = 93233D592F8448740034EDD0 /* SwiftUI.framework */; };
		93233D692F8448750034EDD0 /* HiWidgetExtension.appex in Embed Foundation Extensions */ = {isa = PBXBuildFile; fileRef = 93233D552F8448740034EDD0 /* HiWidgetExtension.appex */; settings = {ATTRIBUTES = (RemoveHeadersOnCopy, ); }; };
/* End PBXBuildFile section */

/* Begin PBXContainerItemProxy section */
		93233C942F75F5D40034EDD0 /* PBXContainerItemProxy */ = {
			isa = PBXContainerItemProxy;
			containerPortal = 93233C7E2F75F5D30034EDD0 /* Project object */;
			proxyType = 1;
			remoteGlobalIDString = 93233C852F75F5D30034EDD0;
			remoteInfo = HI;
		};
		93233C9E2F75F5D40034EDD0 /* PBXContainerItemProxy */ = {
			isa = PBXContainerItemProxy;
			containerPortal = 93233C7E2F75F5D30034EDD0 /* Project object */;
			proxyType = 1;
			remoteGlobalIDString = 93233C852F75F5D30034EDD0;
			remoteInfo = HI;
		};
		93233D672F8448750034EDD0 /* PBXContainerItemProxy */ = {
			isa = PBXContainerItemProxy;
			containerPortal = 93233C7E2F75F5D30034EDD0 /* Project object */;
			proxyType = 1;
			remoteGlobalIDString = 93233D542F8448740034EDD0;
			remoteInfo = HiWidgetExtension;
		};
/* End PBXContainerItemProxy section */

/* Begin PBXCopyFilesBuildPhase section */
		93233D6E2F8448750034EDD0 /* Embed Foundation Extensions */ = {
			isa = PBXCopyFilesBuildPhase;
			buildActionMask = 2147483647;
			dstPath = "";
			dstSubfolderSpec = 13;
			files = (
				93233D692F8448750034EDD0 /* HiWidgetExtension.appex in Embed Foundation Extensions */,
			);
			name = "Embed Foundation Extensions";
			runOnlyForDeploymentPostprocessing = 0;
		};
/* End PBXCopyFilesBuildPhase section */

/* Begin PBXFileReference section */
		93233C862F75F5D30034EDD0 /* HI.app */ = {isa = PBXFileReference; explicitFileType = wrapper.application; includeInIndex = 0; path = HI.app; sourceTree = BUILT_PRODUCTS_DIR; };
		93233C932F75F5D40034EDD0 /* HITests.xctest */ = {isa = PBXFileReference; explicitFileType = wrapper.cfbundle; includeInIndex = 0; path = HITests.xctest; sourceTree = BUILT_PRODUCTS_DIR; };
		93233C9D2F75F5D40034EDD0 /* HIUITests.xctest */ = {isa = PBXFileReference; explicitFileType = wrapper.cfbundle; includeInIndex = 0; path = HIUITests.xctest; sourceTree = BUILT_PRODUCTS_DIR; };
		93233D552F8448740034EDD0 /* HiWidgetExtension.appex */ = {isa = PBXFileReference; explicitFileType = "wrapper.app-extension"; includeInIndex = 0; path = HiWidgetExtension.appex; sourceTree = BUILT_PRODUCTS_DIR; };
		93233D572F8448740034EDD0 /* WidgetKit.framework */ = {isa = PBXFileReference; lastKnownFileType = wrapper.framework; name = WidgetKit.framework; path = System/Library/Frameworks/WidgetKit.framework; sourceTree = SDKROOT; };
		93233D592F8448740034EDD0 /* SwiftUI.framework */ = {isa = PBXFileReference; lastKnownFileType = wrapper.framework; name = SwiftUI.framework; path = System/Library/Frameworks/SwiftUI.framework; sourceTree = SDKROOT; };
/* End PBXFileReference section */

/* Begin PBXFileSystemSynchronizedBuildFileExceptionSet section */
		93233D6A2F8448750034EDD0 /* Exceptions for "HiWidget" folder in "HiWidgetExtension" target */ = {
			isa = PBXFileSystemSynchronizedBuildFileExceptionSet;
			membershipExceptions = (
				Info.plist,
			);
			target = 93233D542F8448740034EDD0 /* HiWidgetExtension */;
		};
		93233D742F844A2E0034EDD0 /* Exceptions for "HI" folder in "HiWidgetExtension" target */ = {
			isa = PBXFileSystemSynchronizedBuildFileExceptionSet;
			membershipExceptions = (
				APIService.swift,
				CacheManager.swift,
				Models.swift,
			);
			target = 93233D542F8448740034EDD0 /* HiWidgetExtension */;
		};
/* End PBXFileSystemSynchronizedBuildFileExceptionSet section */

/* Begin PBXFileSystemSynchronizedRootGroup section */
		93233C882F75F5D30034EDD0 /* HI */ = {
			isa = PBXFileSystemSynchronizedRootGroup;
			exceptions = (
				93233D742F844A2E0034EDD0 /* Exceptions for "HI" folder in "HiWidgetExtension" target */,
			);
			path = HI;
			sourceTree = "<group>";
		};
		93233C962F75F5D40034EDD0 /* HITests */ = {
			isa = PBXFileSystemSynchronizedRootGroup;
			path = HITests;
			sourceTree = "<group>";
		};
		93233CA02F75F5D40034EDD0 /* HIUITests */ = {
			isa = PBXFileSystemSynchronizedRootGroup;
			path = HIUITests;
			sourceTree = "<group>";
		};
		93233D5B2F8448740034EDD0 /* HiWidget */ = {
			isa = PBXFileSystemSynchronizedRootGroup;
			exceptions = (
				93233D6A2F8448750034EDD0 /* Exceptions for "HiWidget" folder in "HiWidgetExtension" target */,
			);
			path = HiWidget;
			sourceTree = "<group>";
		};
/* End PBXFileSystemSynchronizedRootGroup section */

/* Begin PBXFrameworksBuildPhase section */
		93233C832F75F5D30034EDD0 /* Frameworks */ = {
			isa = PBXFrameworksBuildPhase;
			buildActionMask = 2147483647;
			files = (
			);
			runOnlyForDeploymentPostprocessing = 0;
		};
		93233C902F75F5D40034EDD0 /* Frameworks */ = {
			isa = PBXFrameworksBuildPhase;
			buildActionMask = 2147483647;
			files = (
			);
			runOnlyForDeploymentPostprocessing = 0;
		};
		93233C9A2F75F5D40034EDD0 /* Frameworks */ = {
			isa = PBXFrameworksBuildPhase;
			buildActionMask = 2147483647;
			files = (
			);
			runOnlyForDeploymentPostprocessing = 0;
		};
		93233D522F8448740034EDD0 /* Frameworks */ = {
			isa = PBXFrameworksBuildPhase;
			buildActionMask = 2147483647;
			files = (
				93233D5A2F8448740034EDD0 /* SwiftUI.framework in Frameworks */,
				93233D582F8448740034EDD0 /* WidgetKit.framework in Frameworks */,
			);
			runOnlyForDeploymentPostprocessing = 0;
		};
/* End PBXFrameworksBuildPhase section */

/* Begin PBXGroup section */
		93233C7D2F75F5D30034EDD0 = {
			isa = PBXGroup;
			children = (
				93233C882F75F5D30034EDD0 /* HI */,
				93233C962F75F5D40034EDD0 /* HITests */,
				93233CA02F75F5D40034EDD0 /* HIUITests */,
				93233D5B2F8448740034EDD0 /* HiWidget */,
				93233D562F8448740034EDD0 /* Frameworks */,
				93233C872F75F5D30034EDD0 /* Products */,
			);
			sourceTree = "<group>";
		};
		93233C872F75F5D30034EDD0 /* Products */ = {
			isa = PBXGroup;
			children = (
				93233C862F75F5D30034EDD0 /* HI.app */,
				93233C932F75F5D40034EDD0 /* HITests.xctest */,
				93233C9D2F75F5D40034EDD0 /* HIUITests.xctest */,
				93233D552F8448740034EDD0 /* HiWidgetExtension.appex */,
			);
			name = Products;
			sourceTree = "<group>";
		};
		93233D562F8448740034EDD0 /* Frameworks */ = {
			isa = PBXGroup;
			children = (
				93233D572F8448740034EDD0 /* WidgetKit.framework */,
				93233D592F8448740034EDD0 /* SwiftUI.framework */,
			);
			name = Frameworks;
			sourceTree = "<group>";
		};
/* End PBXGroup section */

/* Begin PBXNativeTarget section */
		93233C852F75F5D30034EDD0 /* HI */ = {
			isa = PBXNativeTarget;
			buildConfigurationList = 93233CA72F75F5D40034EDD0 /* Build configuration list for PBXNativeTarget "HI" */;
			buildPhases = (
				93233C822F75F5D30034EDD0 /* Sources */,
				93233C832F75F5D30034EDD0 /* Frameworks */,
				93233C842F75F5D30034EDD0 /* Resources */,
				93233D6E2F8448750034EDD0 /* Embed Foundation Extensions */,
			);
			buildRules = (
			);
			dependencies = (
				93233D682F8448750034EDD0 /* PBXTargetDependency */,
			);
			fileSystemSynchronizedGroups = (
				93233C882F75F5D30034EDD0 /* HI */,
			);
			name = HI;
			packageProductDependencies = (
			);
			productName = HI;
			productReference = 93233C862F75F5D30034EDD0 /* HI.app */;
			productType = "com.apple.product-type.application";
		};
		93233C922F75F5D40034EDD0 /* HITests */ = {
			isa = PBXNativeTarget;
			buildConfigurationList = 93233CAA2F75F5D40034EDD0 /* Build configuration list for PBXNativeTarget "HITests" */;
			buildPhases = (
				93233C8F2F75F5D40034EDD0 /* Sources */,
				93233C902F75F5D40034EDD0 /* Frameworks */,
				93233C912F75F5D40034EDD0 /* Resources */,
			);
			buildRules = (
			);
			dependencies = (
				93233C952F75F5D40034EDD0 /* PBXTargetDependency */,
			);
			fileSystemSynchronizedGroups = (
				93233C962F75F5D40034EDD0 /* HITests */,
			);
			name = HITests;
			packageProductDependencies = (
			);
			productName = HITests;
			productReference = 93233C932F75F5D40034EDD0 /* HITests.xctest */;
			productType = "com.apple.product-type.bundle.unit-test";
		};
		93233C9C2F75F5D40034EDD0 /* HIUITests */ = {
			isa = PBXNativeTarget;
			buildConfigurationList = 93233CAD2F75F5D40034EDD0 /* Build configuration list for PBXNativeTarget "HIUITests" */;
			buildPhases = (
				93233C992F75F5D40034EDD0 /* Sources */,
				93233C9A2F75F5D40034EDD0 /* Frameworks */,
				93233C9B2F75F5D40034EDD0 /* Resources */,
			);
			buildRules = (
			);
			dependencies = (
				93233C9F2F75F5D40034EDD0 /* PBXTargetDependency */,
			);
			fileSystemSynchronizedGroups = (
				93233CA02F75F5D40034EDD0 /* HIUITests */,
			);
			name = HIUITests;
			packageProductDependencies = (
			);
			productName = HIUITests;
			productReference = 93233C9D2F75F5D40034EDD0 /* HIUITests.xctest */;
			productType = "com.apple.product-type.bundle.ui-testing";
		};
		93233D542F8448740034EDD0 /* HiWidgetExtension */ = {
			isa = PBXNativeTarget;
			buildConfigurationList = 93233D6B2F8448750034EDD0 /* Build configuration list for PBXNativeTarget "HiWidgetExtension" */;
			buildPhases = (
				93233D512F8448740034EDD0 /* Sources */,
				93233D522F8448740034EDD0 /* Frameworks */,
				93233D532F8448740034EDD0 /* Resources */,
			);
			buildRules = (
			);
			dependencies = (
			);
			fileSystemSynchronizedGroups = (
				93233D5B2F8448740034EDD0 /* HiWidget */,
			);
			name = HiWidgetExtension;
			packageProductDependencies = (
			);
			productName = HiWidgetExtension;
			productReference = 93233D552F8448740034EDD0 /* HiWidgetExtension.appex */;
			productType = "com.apple.product-type.app-extension";
		};
/* End PBXNativeTarget section */

/* Begin PBXProject section */
		93233C7E2F75F5D30034EDD0 /* Project object */ = {
			isa = PBXProject;
			attributes = {
				BuildIndependentTargetsInParallel = 1;
				LastSwiftUpdateCheck = 2630;
				LastUpgradeCheck = 2630;
				TargetAttributes = {
					93233C852F75F5D30034EDD0 = {
						CreatedOnToolsVersion = 26.3;
					};
					93233C922F75F5D40034EDD0 = {
						CreatedOnToolsVersion = 26.3;
						TestTargetID = 93233C852F75F5D30034EDD0;
					};
					93233C9C2F75F5D40034EDD0 = {
						CreatedOnToolsVersion = 26.3;
						TestTargetID = 93233C852F75F5D30034EDD0;
					};
					93233D542F8448740034EDD0 = {
						CreatedOnToolsVersion = 26.3;
					};
				};
			};
			buildConfigurationList = 93233C812F75F5D30034EDD0 /* Build configuration list for PBXProject "HI" */;
			developmentRegion = en;
			hasScannedForEncodings = 0;
			knownRegions = (
				en,
				Base,
			);
			mainGroup = 93233C7D2F75F5D30034EDD0;
			minimizedProjectReferenceProxies = 1;
			preferredProjectObjectVersion = 77;
			productRefGroup = 93233C872F75F5D30034EDD0 /* Products */;
			projectDirPath = "";
			projectRoot = "";
			targets = (
				93233C852F75F5D30034EDD0 /* HI */,
				93233C922F75F5D40034EDD0 /* HITests */,
				93233C9C2F75F5D40034EDD0 /* HIUITests */,
				93233D542F8448740034EDD0 /* HiWidgetExtension */,
			);
		};
/* End PBXProject section */

/* Begin PBXResourcesBuildPhase section */
		93233C842F75F5D30034EDD0 /* Resources */ = {
			isa = PBXResourcesBuildPhase;
			buildActionMask = 2147483647;
			files = (
			);
			runOnlyForDeploymentPostprocessing = 0;
		};
		93233C912F75F5D40034EDD0 /* Resources */ = {
			isa = PBXResourcesBuildPhase;
			buildActionMask = 2147483647;
			files = (
			);
			runOnlyForDeploymentPostprocessing = 0;
		};
		93233C9B2F75F5D40034EDD0 /* Resources */ = {
			isa = PBXResourcesBuildPhase;
			buildActionMask = 2147483647;
			files = (
			);
			runOnlyForDeploymentPostprocessing = 0;
		};
		93233D532F8448740034EDD0 /* Resources */ = {
			isa = PBXResourcesBuildPhase;
			buildActionMask = 2147483647;
			files = (
			);
			runOnlyForDeploymentPostprocessing = 0;
		};
/* End PBXResourcesBuildPhase section */

/* Begin PBXSourcesBuildPhase section */
		93233C822F75F5D30034EDD0 /* Sources */ = {
			isa = PBXSourcesBuildPhase;
			buildActionMask = 2147483647;
			files = (
			);
			runOnlyForDeploymentPostprocessing = 0;
		};
		93233C8F2F75F5D40034EDD0 /* Sources */ = {
			isa = PBXSourcesBuildPhase;
			buildActionMask = 2147483647;
			files = (
			);
			runOnlyForDeploymentPostprocessing = 0;
		};
		93233C992F75F5D40034EDD0 /* Sources */ = {
			isa = PBXSourcesBuildPhase;
			buildActionMask = 2147483647;
			files = (
			);
			runOnlyForDeploymentPostprocessing = 0;
		};
		93233D512F8448740034EDD0 /* Sources */ = {
			isa = PBXSourcesBuildPhase;
			buildActionMask = 2147483647;
			files = (
			);
			runOnlyForDeploymentPostprocessing = 0;
		};
/* End PBXSourcesBuildPhase section */

/* Begin PBXTargetDependency section */
		93233C952F75F5D40034EDD0 /* PBXTargetDependency */ = {
			isa = PBXTargetDependency;
			target = 93233C852F75F5D30034EDD0 /* HI */;
			targetProxy = 93233C942F75F5D40034EDD0 /* PBXContainerItemProxy */;
		};
		93233C9F2F75F5D40034EDD0 /* PBXTargetDependency */ = {
			isa = PBXTargetDependency;
			target = 93233C852F75F5D30034EDD0 /* HI */;
			targetProxy = 93233C9E2F75F5D40034EDD0 /* PBXContainerItemProxy */;
		};
		93233D682F8448750034EDD0 /* PBXTargetDependency */ = {
			isa = PBXTargetDependency;
			target = 93233D542F8448740034EDD0 /* HiWidgetExtension */;
			targetProxy = 93233D672F8448750034EDD0 /* PBXContainerItemProxy */;
		};
/* End PBXTargetDependency section */

/* Begin XCBuildConfiguration section */
		93233CA52F75F5D40034EDD0 /* Debug */ = {
			isa = XCBuildConfiguration;
			buildSettings = {
				ALWAYS_SEARCH_USER_PATHS = NO;
				ASSETCATALOG_COMPILER_GENERATE_SWIFT_ASSET_SYMBOL_EXTENSIONS = YES;
				CLANG_ANALYZER_NONNULL = YES;
				CLANG_ANALYZER_NUMBER_OBJECT_CONVERSION = YES_AGGRESSIVE;
				CLANG_CXX_LANGUAGE_STANDARD = "gnu++20";
				CLANG_ENABLE_MODULES = YES;
				CLANG_ENABLE_OBJC_ARC = YES;
				CLANG_ENABLE_OBJC_WEAK = YES;
				CLANG_WARN_BLOCK_CAPTURE_AUTORELEASING = YES;
				CLANG_WARN_BOOL_CONVERSION = YES;
				CLANG_WARN_COMMA = YES;
				CLANG_WARN_CONSTANT_CONVERSION = YES;
				CLANG_WARN_DEPRECATED_OBJC_IMPLEMENTATIONS = YES;
				CLANG_WARN_DIRECT_OBJC_ISA_USAGE = YES_ERROR;
				CLANG_WARN_DOCUMENTATION_COMMENTS = YES;
				CLANG_WARN_EMPTY_BODY = YES;
				CLANG_WARN_ENUM_CONVERSION = YES;
				CLANG_WARN_INFINITE_RECURSION = YES;
				CLANG_WARN_INT_CONVERSION = YES;
				CLANG_WARN_NON_LITERAL_NULL_CONVERSION = YES;
				CLANG_WARN_OBJC_IMPLICIT_RETAIN_SELF = YES;
				CLANG_WARN_OBJC_LITERAL_CONVERSION = YES;
				CLANG_WARN_OBJC_ROOT_CLASS = YES_ERROR;
				CLANG_WARN_QUOTED_INCLUDE_IN_FRAMEWORK_HEADER = YES;
				CLANG_WARN_RANGE_LOOP_ANALYSIS = YES;
				CLANG_WARN_STRICT_PROTOTYPES = YES;
				CLANG_WARN_SUSPICIOUS_MOVE = YES;
				CLANG_WARN_UNGUARDED_AVAILABILITY = YES_AGGRESSIVE;
				CLANG_WARN_UNREACHABLE_CODE = YES;
				CLANG_WARN__DUPLICATE_METHOD_MATCH = YES;
				COPY_PHASE_STRIP = NO;
				DEBUG_INFORMATION_FORMAT = dwarf;
				DEVELOPMENT_TEAM = P8ANZY74JY;
				ENABLE_STRICT_OBJC_MSGSEND = YES;
				ENABLE_TESTABILITY = YES;
				ENABLE_USER_SCRIPT_SANDBOXING = YES;
				GCC_C_LANGUAGE_STANDARD = gnu17;
				GCC_DYNAMIC_NO_PIC = NO;
				GCC_NO_COMMON_BLOCKS = YES;
				GCC_OPTIMIZATION_LEVEL = 0;
				GCC_PREPROCESSOR_DEFINITIONS = (
					"DEBUG=1",
					"$(inherited)",
				);
				GCC_WARN_64_TO_32_BIT_CONVERSION = YES;
				GCC_WARN_ABOUT_RETURN_TYPE = YES_ERROR;
				GCC_WARN_UNDECLARED_SELECTOR = YES;
				GCC_WARN_UNINITIALIZED_AUTOS = YES_AGGRESSIVE;
				GCC_WARN_UNUSED_FUNCTION = YES;
				GCC_WARN_UNUSED_VARIABLE = YES;
				IPHONEOS_DEPLOYMENT_TARGET = 26.2;
				LOCALIZATION_PREFERS_STRING_CATALOGS = YES;
				MTL_ENABLE_DEBUG_INFO = INCLUDE_SOURCE;
				MTL_FAST_MATH = YES;
				ONLY_ACTIVE_ARCH = YES;
				SDKROOT = iphoneos;
				SWIFT_ACTIVE_COMPILATION_CONDITIONS = "DEBUG $(inherited)";
				SWIFT_OPTIMIZATION_LEVEL = "-Onone";
			};
			name = Debug;
		};
		93233CA62F75F5D40034EDD0 /* Release */ = {
			isa = XCBuildConfiguration;
			buildSettings = {
				ALWAYS_SEARCH_USER_PATHS = NO;
				ASSETCATALOG_COMPILER_GENERATE_SWIFT_ASSET_SYMBOL_EXTENSIONS = YES;
				CLANG_ANALYZER_NONNULL = YES;
				CLANG_ANALYZER_NUMBER_OBJECT_CONVERSION = YES_AGGRESSIVE;
				CLANG_CXX_LANGUAGE_STANDARD = "gnu++20";
				CLANG_ENABLE_MODULES = YES;
				CLANG_ENABLE_OBJC_ARC = YES;
				CLANG_ENABLE_OBJC_WEAK = YES;
				CLANG_WARN_BLOCK_CAPTURE_AUTORELEASING = YES;
				CLANG_WARN_BOOL_CONVERSION = YES;
				CLANG_WARN_COMMA = YES;
				CLANG_WARN_CONSTANT_CONVERSION = YES;
				CLANG_WARN_DEPRECATED_OBJC_IMPLEMENTATIONS = YES;
				CLANG_WARN_DIRECT_OBJC_ISA_USAGE = YES_ERROR;
				CLANG_WARN_DOCUMENTATION_COMMENTS = YES;
				CLANG_WARN_EMPTY_BODY = YES;
				CLANG_WARN_ENUM_CONVERSION = YES;
				CLANG_WARN_INFINITE_RECURSION = YES;
				CLANG_WARN_INT_CONVERSION = YES;
				CLANG_WARN_NON_LITERAL_NULL_CONVERSION = YES;
				CLANG_WARN_OBJC_IMPLICIT_RETAIN_SELF = YES;
				CLANG_WARN_OBJC_LITERAL_CONVERSION = YES;
				CLANG_WARN_OBJC_ROOT_CLASS = YES_ERROR;
				CLANG_WARN_QUOTED_INCLUDE_IN_FRAMEWORK_HEADER = YES;
				CLANG_WARN_RANGE_LOOP_ANALYSIS = YES;
				CLANG_WARN_STRICT_PROTOTYPES = YES;
				CLANG_WARN_SUSPICIOUS_MOVE = YES;
				CLANG_WARN_UNGUARDED_AVAILABILITY = YES_AGGRESSIVE;
				CLANG_WARN_UNREACHABLE_CODE = YES;
				CLANG_WARN__DUPLICATE_METHOD_MATCH = YES;
				COPY_PHASE_STRIP = NO;
				DEBUG_INFORMATION_FORMAT = "dwarf-with-dsym";
				DEVELOPMENT_TEAM = P8ANZY74JY;
				ENABLE_NS_ASSERTIONS = NO;
				ENABLE_STRICT_OBJC_MSGSEND = YES;
				ENABLE_USER_SCRIPT_SANDBOXING = YES;
				GCC_C_LANGUAGE_STANDARD = gnu17;
				GCC_NO_COMMON_BLOCKS = YES;
				GCC_WARN_64_TO_32_BIT_CONVERSION = YES;
				GCC_WARN_ABOUT_RETURN_TYPE = YES_ERROR;
				GCC_WARN_UNDECLARED_SELECTOR = YES;
				GCC_WARN_UNINITIALIZED_AUTOS = YES_AGGRESSIVE;
				GCC_WARN_UNUSED_FUNCTION = YES;
				GCC_WARN_UNUSED_VARIABLE = YES;
				IPHONEOS_DEPLOYMENT_TARGET = 26.2;
				LOCALIZATION_PREFERS_STRING_CATALOGS = YES;
				MTL_ENABLE_DEBUG_INFO = NO;
				MTL_FAST_MATH = YES;
				SDKROOT = iphoneos;
				SWIFT_COMPILATION_MODE = wholemodule;
				VALIDATE_PRODUCT = YES;
			};
			name = Release;
		};
		93233CA82F75F5D40034EDD0 /* Debug */ = {
			isa = XCBuildConfiguration;
			buildSettings = {
				ASSETCATALOG_COMPILER_APPICON_NAME = AppIcon;
				ASSETCATALOG_COMPILER_GLOBAL_ACCENT_COLOR_NAME = AccentColor;
				CODE_SIGN_STYLE = Automatic;
				CURRENT_PROJECT_VERSION = 1;
				DEVELOPMENT_TEAM = P8ANZY74JY;
				ENABLE_PREVIEWS = YES;
				GENERATE_INFOPLIST_FILE = YES;
				INFOPLIST_KEY_CFBundleDisplayName = hi.;
				INFOPLIST_KEY_LSApplicationCategoryType = "public.app-category.finance";
				INFOPLIST_KEY_UIApplicationSceneManifest_Generation = YES;
				INFOPLIST_KEY_UIApplicationSupportsIndirectInputEvents = YES;
				INFOPLIST_KEY_UILaunchScreen_Generation = YES;
				INFOPLIST_KEY_UISupportedInterfaceOrientations_iPad = "UIInterfaceOrientationPortrait UIInterfaceOrientationPortraitUpsideDown UIInterfaceOrientationLandscapeLeft UIInterfaceOrientationLandscapeRight";
				INFOPLIST_KEY_UISupportedInterfaceOrientations_iPhone = "UIInterfaceOrientationPortrait UIInterfaceOrientationLandscapeLeft UIInterfaceOrientationLandscapeRight";
				IPHONEOS_DEPLOYMENT_TARGET = 18.6;
				LD_RUNPATH_SEARCH_PATHS = (
					"$(inherited)",
					"@executable_path/Frameworks",
				);
				MARKETING_VERSION = 1.1.0;
				PRODUCT_BUNDLE_IDENTIFIER = com.morfinnovations.higrade;
				PRODUCT_NAME = "$(TARGET_NAME)";
				STRING_CATALOG_GENERATE_SYMBOLS = YES;
				SWIFT_APPROACHABLE_CONCURRENCY = YES;
				SWIFT_DEFAULT_ACTOR_ISOLATION = MainActor;
				SWIFT_EMIT_LOC_STRINGS = YES;
				SWIFT_UPCOMING_FEATURE_MEMBER_IMPORT_VISIBILITY = YES;
				SWIFT_VERSION = 5.0;
				TARGETED_DEVICE_FAMILY = "1,2";
			};
			name = Debug;
		};
		93233CA92F75F5D40034EDD0 /* Release */ = {
			isa = XCBuildConfiguration;
			buildSettings = {
				ASSETCATALOG_COMPILER_APPICON_NAME = AppIcon;
				ASSETCATALOG_COMPILER_GLOBAL_ACCENT_COLOR_NAME = AccentColor;
				CODE_SIGN_STYLE = Automatic;
				CURRENT_PROJECT_VERSION = 1;
				DEVELOPMENT_TEAM = P8ANZY74JY;
				ENABLE_PREVIEWS = YES;
				GENERATE_INFOPLIST_FILE = YES;
				INFOPLIST_KEY_CFBundleDisplayName = hi.;
				INFOPLIST_KEY_LSApplicationCategoryType = "public.app-category.finance";
				INFOPLIST_KEY_UIApplicationSceneManifest_Generation = YES;
				INFOPLIST_KEY_UIApplicationSupportsIndirectInputEvents = YES;
				INFOPLIST_KEY_UILaunchScreen_Generation = YES;
				INFOPLIST_KEY_UISupportedInterfaceOrientations_iPad = "UIInterfaceOrientationPortrait UIInterfaceOrientationPortraitUpsideDown UIInterfaceOrientationLandscapeLeft UIInterfaceOrientationLandscapeRight";
				INFOPLIST_KEY_UISupportedInterfaceOrientations_iPhone = "UIInterfaceOrientationPortrait UIInterfaceOrientationLandscapeLeft UIInterfaceOrientationLandscapeRight";
				IPHONEOS_DEPLOYMENT_TARGET = 18.6;
				LD_RUNPATH_SEARCH_PATHS = (
					"$(inherited)",
					"@executable_path/Frameworks",
				);
				MARKETING_VERSION = 1.1.0;
				PRODUCT_BUNDLE_IDENTIFIER = com.morfinnovations.higrade;
				PRODUCT_NAME = "$(TARGET_NAME)";
				STRING_CATALOG_GENERATE_SYMBOLS = YES;
				SWIFT_APPROACHABLE_CONCURRENCY = YES;
				SWIFT_DEFAULT_ACTOR_ISOLATION = MainActor;
				SWIFT_EMIT_LOC_STRINGS = YES;
				SWIFT_UPCOMING_FEATURE_MEMBER_IMPORT_VISIBILITY = YES;
				SWIFT_VERSION = 5.0;
				TARGETED_DEVICE_FAMILY = "1,2";
			};
			name = Release;
		};
		93233CAB2F75F5D40034EDD0 /* Debug */ = {
			isa = XCBuildConfiguration;
			buildSettings = {
				BUNDLE_LOADER = "$(TEST_HOST)";
				CODE_SIGN_STYLE = Automatic;
				CURRENT_PROJECT_VERSION = 1;
				DEVELOPMENT_TEAM = P8ANZY74JY;
				GENERATE_INFOPLIST_FILE = YES;
				IPHONEOS_DEPLOYMENT_TARGET = 18.6;
				MARKETING_VERSION = 1.0;
				PRODUCT_BUNDLE_IDENTIFIER = com.morfinnovations.HITests;
				PRODUCT_NAME = "$(TARGET_NAME)";
				STRING_CATALOG_GENERATE_SYMBOLS = NO;
				SWIFT_APPROACHABLE_CONCURRENCY = YES;
				SWIFT_EMIT_LOC_STRINGS = NO;
				SWIFT_UPCOMING_FEATURE_MEMBER_IMPORT_VISIBILITY = YES;
				SWIFT_VERSION = 5.0;
				TARGETED_DEVICE_FAMILY = "1,2";
				TEST_HOST = "$(BUILT_PRODUCTS_DIR)/HI.app/$(BUNDLE_EXECUTABLE_FOLDER_PATH)/HI";
			};
			name = Debug;
		};
		93233CAC2F75F5D40034EDD0 /* Release */ = {
			isa = XCBuildConfiguration;
			buildSettings = {
				BUNDLE_LOADER = "$(TEST_HOST)";
				CODE_SIGN_STYLE = Automatic;
				CURRENT_PROJECT_VERSION = 1;
				DEVELOPMENT_TEAM = P8ANZY74JY;
				GENERATE_INFOPLIST_FILE = YES;
				IPHONEOS_DEPLOYMENT_TARGET = 18.6;
				MARKETING_VERSION = 1.0;
				PRODUCT_BUNDLE_IDENTIFIER = com.morfinnovations.HITests;
				PRODUCT_NAME = "$(TARGET_NAME)";
				STRING_CATALOG_GENERATE_SYMBOLS = NO;
				SWIFT_APPROACHABLE_CONCURRENCY = YES;
				SWIFT_EMIT_LOC_STRINGS = NO;
				SWIFT_UPCOMING_FEATURE_MEMBER_IMPORT_VISIBILITY = YES;
				SWIFT_VERSION = 5.0;
				TARGETED_DEVICE_FAMILY = "1,2";
				TEST_HOST = "$(BUILT_PRODUCTS_DIR)/HI.app/$(BUNDLE_EXECUTABLE_FOLDER_PATH)/HI";
			};
			name = Release;
		};
		93233CAE2F75F5D40034EDD0 /* Debug */ = {
			isa = XCBuildConfiguration;
			buildSettings = {
				CODE_SIGN_STYLE = Automatic;
				CURRENT_PROJECT_VERSION = 1;
				DEVELOPMENT_TEAM = P8ANZY74JY;
				GENERATE_INFOPLIST_FILE = YES;
				IPHONEOS_DEPLOYMENT_TARGET = 17.6;
				MARKETING_VERSION = 1.0;
				PRODUCT_BUNDLE_IDENTIFIER = com.morfinnovations.HIUITests;
				PRODUCT_NAME = "$(TARGET_NAME)";
				STRING_CATALOG_GENERATE_SYMBOLS = NO;
				SWIFT_APPROACHABLE_CONCURRENCY = YES;
				SWIFT_EMIT_LOC_STRINGS = NO;
				SWIFT_UPCOMING_FEATURE_MEMBER_IMPORT_VISIBILITY = YES;
				SWIFT_VERSION = 5.0;
				TARGETED_DEVICE_FAMILY = "1,2";
				TEST_TARGET_NAME = HI;
			};
			name = Debug;
		};
		93233CAF2F75F5D40034EDD0 /* Release */ = {
			isa = XCBuildConfiguration;
			buildSettings = {
				CODE_SIGN_STYLE = Automatic;
				CURRENT_PROJECT_VERSION = 1;
				DEVELOPMENT_TEAM = P8ANZY74JY;
				GENERATE_INFOPLIST_FILE = YES;
				IPHONEOS_DEPLOYMENT_TARGET = 17.6;
				MARKETING_VERSION = 1.0;
				PRODUCT_BUNDLE_IDENTIFIER = com.morfinnovations.HIUITests;
				PRODUCT_NAME = "$(TARGET_NAME)";
				STRING_CATALOG_GENERATE_SYMBOLS = NO;
				SWIFT_APPROACHABLE_CONCURRENCY = YES;
				SWIFT_EMIT_LOC_STRINGS = NO;
				SWIFT_UPCOMING_FEATURE_MEMBER_IMPORT_VISIBILITY = YES;
				SWIFT_VERSION = 5.0;
				TARGETED_DEVICE_FAMILY = "1,2";
				TEST_TARGET_NAME = HI;
			};
			name = Release;
		};
		93233D6C2F8448750034EDD0 /* Debug */ = {
			isa = XCBuildConfiguration;
			buildSettings = {
				ASSETCATALOG_COMPILER_GLOBAL_ACCENT_COLOR_NAME = AccentColor;
				ASSETCATALOG_COMPILER_WIDGET_BACKGROUND_COLOR_NAME = WidgetBackground;
				CODE_SIGN_STYLE = Automatic;
				CURRENT_PROJECT_VERSION = 1;
				DEVELOPMENT_TEAM = P8ANZY74JY;
				GENERATE_INFOPLIST_FILE = YES;
				INFOPLIST_FILE = HiWidget/Info.plist;
				INFOPLIST_KEY_CFBundleDisplayName = HiWidget;
				INFOPLIST_KEY_NSHumanReadableCopyright = "";
				IPHONEOS_DEPLOYMENT_TARGET = 18.6;
				LD_RUNPATH_SEARCH_PATHS = (
					"$(inherited)",
					"@executable_path/Frameworks",
					"@executable_path/../../Frameworks",
				);
				MARKETING_VERSION = 1.1.0;
				PRODUCT_BUNDLE_IDENTIFIER = com.morfinnovations.higrade.HiWidget;
				PRODUCT_NAME = "$(TARGET_NAME)";
				SKIP_INSTALL = YES;
				STRING_CATALOG_GENERATE_SYMBOLS = YES;
				SWIFT_APPROACHABLE_CONCURRENCY = YES;
				SWIFT_EMIT_LOC_STRINGS = YES;
				SWIFT_UPCOMING_FEATURE_MEMBER_IMPORT_VISIBILITY = YES;
				SWIFT_VERSION = 5.0;
				TARGETED_DEVICE_FAMILY = "1,2";
			};
			name = Debug;
		};
		93233D6D2F8448750034EDD0 /* Release */ = {
			isa = XCBuildConfiguration;
			buildSettings = {
				ASSETCATALOG_COMPILER_GLOBAL_ACCENT_COLOR_NAME = AccentColor;
				ASSETCATALOG_COMPILER_WIDGET_BACKGROUND_COLOR_NAME = WidgetBackground;
				CODE_SIGN_STYLE = Automatic;
				CURRENT_PROJECT_VERSION = 1;
				DEVELOPMENT_TEAM = P8ANZY74JY;
				GENERATE_INFOPLIST_FILE = YES;
				INFOPLIST_FILE = HiWidget/Info.plist;
				INFOPLIST_KEY_CFBundleDisplayName = HiWidget;
				INFOPLIST_KEY_NSHumanReadableCopyright = "";
				IPHONEOS_DEPLOYMENT_TARGET = 18.6;
				LD_RUNPATH_SEARCH_PATHS = (
					"$(inherited)",
					"@executable_path/Frameworks",
					"@executable_path/../../Frameworks",
				);
				MARKETING_VERSION = 1.1.0;
				PRODUCT_BUNDLE_IDENTIFIER = com.morfinnovations.higrade.HiWidget;
				PRODUCT_NAME = "$(TARGET_NAME)";
				SKIP_INSTALL = YES;
				STRING_CATALOG_GENERATE_SYMBOLS = YES;
				SWIFT_APPROACHABLE_CONCURRENCY = YES;
				SWIFT_EMIT_LOC_STRINGS = YES;
				SWIFT_UPCOMING_FEATURE_MEMBER_IMPORT_VISIBILITY = YES;
				SWIFT_VERSION = 5.0;
				TARGETED_DEVICE_FAMILY = "1,2";
			};
			name = Release;
		};
/* End XCBuildConfiguration section */

/* Begin XCConfigurationList section */
		93233C812F75F5D30034EDD0 /* Build configuration list for PBXProject "HI" */ = {
			isa = XCConfigurationList;
			buildConfigurations = (
				93233CA52F75F5D40034EDD0 /* Debug */,
				93233CA62F75F5D40034EDD0 /* Release */,
			);
			defaultConfigurationIsVisible = 0;
			defaultConfigurationName = Release;
		};
		93233CA72F75F5D40034EDD0 /* Build configuration list for PBXNativeTarget "HI" */ = {
			isa = XCConfigurationList;
			buildConfigurations = (
				93233CA82F75F5D40034EDD0 /* Debug */,
				93233CA92F75F5D40034EDD0 /* Release */,
			);
			defaultConfigurationIsVisible = 0;
			defaultConfigurationName = Release;
		};
		93233CAA2F75F5D40034EDD0 /* Build configuration list for PBXNativeTarget "HITests" */ = {
			isa = XCConfigurationList;
			buildConfigurations = (
				93233CAB2F75F5D40034EDD0 /* Debug */,
				93233CAC2F75F5D40034EDD0 /* Release */,
			);
			defaultConfigurationIsVisible = 0;
			defaultConfigurationName = Release;
		};
		93233CAD2F75F5D40034EDD0 /* Build configuration list for PBXNativeTarget "HIUITests" */ = {
			isa = XCConfigurationList;
			buildConfigurations = (
				93233CAE2F75F5D40034EDD0 /* Debug */,
				93233CAF2F75F5D40034EDD0 /* Release */,
			);
			defaultConfigurationIsVisible = 0;
			defaultConfigurationName = Release;
		};
		93233D6B2F8448750034EDD0 /* Build configuration list for PBXNativeTarget "HiWidgetExtension" */ = {
			isa = XCConfigurationList;
			buildConfigurations = (
				93233D6C2F8448750034EDD0 /* Debug */,
				93233D6D2F8448750034EDD0 /* Release */,
			);
			defaultConfigurationIsVisible = 0;
			defaultConfigurationName = Release;
		};
/* End XCConfigurationList section */
	};
	rootObject = 93233C7E2F75F5D30034EDD0 /* Project object */;
}
